
Microsoft Visual Studio Solution File, Format Version 12.00
# Visual Studio 15
VisualStudioVersion = 15.0.28307.852
MinimumVisualStudioVersion = 10.0.40219.1
Project("{FAE04EC0-301F-11D3-BF4B-00C04F79EFBC}") = "ConsoleApp2", "ConsoleApp2\ConsoleApp2.csproj", "{DE5BF174-66FA-43FA-965D-D200125CFE5C}"
EndProject
Global
	GlobalSection(SolutionConfigurationPlatforms) = preSolution
		Debug|Any CPU = Debug|Any CPU
		Release|Any CPU = Release|Any CPU
	EndGlobalSection
	GlobalSection(ProjectConfigurationPlatforms) = postSolution
		{DE5BF174-66FA-43FA-965D-D200125CFE5C}.Debug|Any CPU.ActiveCfg = Debug|Any CPU
		{DE5BF174-66FA-43FA-965D-D200125CFE5C}.Debug|Any CPU.Build.0 = Debug|Any CPU
		{DE5BF174-66FA-43FA-965D-D200125CFE5C}.Release|Any CPU.ActiveCfg = Release|Any CPU
		{DE5BF174-66FA-43FA-965D-D200125CFE5C}.Release|Any CPU.Build.0 = Release|Any CPU
	EndGlobalSection
	GlobalSection(SolutionProperties) = preSolution
		HideSolutionNode = FALSE
	EndGlobalSection
	GlobalSection(ExtensibilityGlobals) = postSolution
		SolutionGuid = {8A03F141-8D0E-49BF-A937-0984803E3861}
	EndGlobalSection
EndGlobal
