
Microsoft Visual Studio Solution File, Format Version 12.00
# Visual Studio 15
VisualStudioVersion = 15.0.28307.1300
MinimumVisualStudioVersion = 10.0.40219.1
Project("{FAE04EC0-301F-11D3-BF4B-00C04F79EFBC}") = "currency1", "currency1\currency1.csproj", "{50C13C38-72D7-4F14-AE9A-EDD03E5EBEFE}"
EndProject
Global
	GlobalSection(SolutionConfigurationPlatforms) = preSolution
		Debug|Any CPU = Debug|Any CPU
		Release|Any CPU = Release|Any CPU
	EndGlobalSection
	GlobalSection(ProjectConfigurationPlatforms) = postSolution
		{50C13C38-72D7-4F14-AE9A-EDD03E5EBEFE}.Debug|Any CPU.ActiveCfg = Debug|Any CPU
		{50C13C38-72D7-4F14-AE9A-EDD03E5EBEFE}.Debug|Any CPU.Build.0 = Debug|Any CPU
		{50C13C38-72D7-4F14-AE9A-EDD03E5EBEFE}.Release|Any CPU.ActiveCfg = Release|Any CPU
		{50C13C38-72D7-4F14-AE9A-EDD03E5EBEFE}.Release|Any CPU.Build.0 = Release|Any CPU
	EndGlobalSection
	GlobalSection(SolutionProperties) = preSolution
		HideSolutionNode = FALSE
	EndGlobalSection
	GlobalSection(ExtensibilityGlobals) = postSolution
		SolutionGuid = {11E45DC7-C0BB-488A-80C4-4BDD4B5DA035}
	EndGlobalSection
EndGlobal
