
Microsoft Visual Studio Solution File, Format Version 12.00
# Visual Studio 2013
VisualStudioVersion = 12.0.21005.1
MinimumVisualStudioVersion = 10.0.40219.1
Project("{E24C65DC-7377-472B-9ABA-BC803B73C61A}") = "WebSite17", "http://localhost:2180", "{7A1E5753-48D9-4F42-8A23-17DACA2BE674}"
	ProjectSection(WebsiteProperties) = preProject
		UseIISExpress = "true"
		TargetFrameworkMoniker = ".NETFramework,Version%3Dv4.5"
		Debug.AspNetCompiler.VirtualPath = "/localhost_2180"
		Debug.AspNetCompiler.PhysicalPath = "D:\dotnet\asp.net\WebSite17\"
		Debug.AspNetCompiler.TargetPath = "PrecompiledWeb\localhost_2180\"
		Debug.AspNetCompiler.Updateable = "true"
		Debug.AspNetCompiler.ForceOverwrite = "true"
		Debug.AspNetCompiler.FixedNames = "false"
		Debug.AspNetCompiler.Debug = "True"
		Release.AspNetCompiler.VirtualPath = "/localhost_2180"
		Release.AspNetCompiler.PhysicalPath = "D:\dotnet\asp.net\WebSite17\"
		Release.AspNetCompiler.TargetPath = "PrecompiledWeb\localhost_2180\"
		Release.AspNetCompiler.Updateable = "true"
		Release.AspNetCompiler.ForceOverwrite = "true"
		Release.AspNetCompiler.FixedNames = "false"
		Release.AspNetCompiler.Debug = "False"
		SlnRelativePath = "D:\dotnet\asp.net\WebSite17\"
		DefaultWebSiteLanguage = "Visual C#"
	EndProjectSection
EndProject
Global
	GlobalSection(SolutionConfigurationPlatforms) = preSolution
		Debug|Any CPU = Debug|Any CPU
	EndGlobalSection
	GlobalSection(ProjectConfigurationPlatforms) = postSolution
		{7A1E5753-48D9-4F42-8A23-17DACA2BE674}.Debug|Any CPU.ActiveCfg = Debug|Any CPU
		{7A1E5753-48D9-4F42-8A23-17DACA2BE674}.Debug|Any CPU.Build.0 = Debug|Any CPU
	EndGlobalSection
	GlobalSection(SolutionProperties) = preSolution
		HideSolutionNode = FALSE
	EndGlobalSection
EndGlobal
